
Microsoft Visual Studio Solution File, Format Version 12.00
# Visual Studio Version 17
VisualStudioVersion = 17.12.35707.178 d17.12
MinimumVisualStudioVersion = 10.0.40219.1
Project("{FAE04EC0-301F-11D3-BF4B-00C04F79EFBC}") = "DockerDotNet.Shared", "..\DockerDotNet.Shared\DockerDotNet.Shared.csproj", "{493A0458-7A4F-4245-AA38-75640A2FBC62}"
EndProject
Project("{FAE04EC0-301F-11D3-BF4B-00C04F79EFBC}") = "DockerDotNet.Relay", "DockerDotNet.Relay.csproj", "{032923A4-C689-4404-8935-62743BA07E86}"
EndProject
Project("{FAE04EC0-301F-11D3-BF4B-00C04F79EFBC}") = "DockerDotNet.Relay.Tests", "..\DockerDotNet.Relay.Tests\DockerDotNet.Relay.Tests.csproj", "{8F88D0A2-DBEC-4E48-B5E3-9C754757C9F4}"
EndProject
Global
	GlobalSection(SolutionConfigurationPlatforms) = preSolution
		Debug|Any CPU = Debug|Any CPU
		Release|Any CPU = Release|Any CPU
	EndGlobalSection
	GlobalSection(ProjectConfigurationPlatforms) = postSolution
		{493A0458-7A4F-4245-AA38-75640A2FBC62}.Debug|Any CPU.ActiveCfg = Debug|Any CPU
		{493A0458-7A4F-4245-AA38-75640A2FBC62}.Debug|Any CPU.Build.0 = Debug|Any CPU
		{493A0458-7A4F-4245-AA38-75640A2FBC62}.Release|Any CPU.ActiveCfg = Release|Any CPU
		{493A0458-7A4F-4245-AA38-75640A2FBC62}.Release|Any CPU.Build.0 = Release|Any CPU
		{032923A4-C689-4404-8935-62743BA07E86}.Debug|Any CPU.ActiveCfg = Debug|Any CPU
		{032923A4-C689-4404-8935-62743BA07E86}.Debug|Any CPU.Build.0 = Debug|Any CPU
		{032923A4-C689-4404-8935-62743BA07E86}.Release|Any CPU.ActiveCfg = Release|Any CPU
		{032923A4-C689-4404-8935-62743BA07E86}.Release|Any CPU.Build.0 = Release|Any CPU
		{8F88D0A2-DBEC-4E48-B5E3-9C754757C9F4}.Debug|Any CPU.ActiveCfg = Debug|Any CPU
		{8F88D0A2-DBEC-4E48-B5E3-9C754757C9F4}.Debug|Any CPU.Build.0 = Debug|Any CPU
		{8F88D0A2-DBEC-4E48-B5E3-9C754757C9F4}.Release|Any CPU.ActiveCfg = Release|Any CPU
		{8F88D0A2-DBEC-4E48-B5E3-9C754757C9F4}.Release|Any CPU.Build.0 = Release|Any CPU
	EndGlobalSection
	GlobalSection(SolutionProperties) = preSolution
		HideSolutionNode = FALSE
	EndGlobalSection
EndGlobal
