
Microsoft Visual Studio Solution File, Format Version 12.00
# Visual Studio Version 17
VisualStudioVersion = 17.12.35521.163
MinimumVisualStudioVersion = 10.0.40219.1
Project("{9A19103F-16F7-4668-BE54-9A1E7A4F7556}") = "DockerDotNet.Core", "DockerDotNet.Core\DockerDotNet.Core.csproj", "{B6D6F04C-442A-4F80-9CDF-A0EB97ED341D}"
EndProject
Project("{9A19103F-16F7-4668-BE54-9A1E7A4F7556}") = "DockerDotNet.APIClient", "DockerDotNet.APIClient\DockerDotNet.APIClient.csproj", "{505EE707-7C92-47AF-8855-189B43B31CA7}"
EndProject
Project("{9A19103F-16F7-4668-BE54-9A1E7A4F7556}") = "DockerDotNet.API.Tests", "DockerDotNet.API.Tests\DockerDotNet.API.Tests.csproj", "{12ECAE8D-CB57-423E-9450-2B532F35F9E3}"
EndProject
Project("{9A19103F-16F7-4668-BE54-9A1E7A4F7556}") = "DockerDotNet.WebServer", "DockerDotNet.WebServer\DockerDotNet.WebServer.csproj", "{06E01F20-D117-4F57-A790-75042EA57AA1}"
EndProject
Global
	GlobalSection(SolutionConfigurationPlatforms) = preSolution
		Debug|Any CPU = Debug|Any CPU
		Release|Any CPU = Release|Any CPU
	EndGlobalSection
	GlobalSection(ProjectConfigurationPlatforms) = postSolution
		{B6D6F04C-442A-4F80-9CDF-A0EB97ED341D}.Debug|Any CPU.ActiveCfg = Debug|Any CPU
		{B6D6F04C-442A-4F80-9CDF-A0EB97ED341D}.Debug|Any CPU.Build.0 = Debug|Any CPU
		{B6D6F04C-442A-4F80-9CDF-A0EB97ED341D}.Release|Any CPU.ActiveCfg = Release|Any CPU
		{B6D6F04C-442A-4F80-9CDF-A0EB97ED341D}.Release|Any CPU.Build.0 = Release|Any CPU
		{505EE707-7C92-47AF-8855-189B43B31CA7}.Debug|Any CPU.ActiveCfg = Debug|Any CPU
		{505EE707-7C92-47AF-8855-189B43B31CA7}.Debug|Any CPU.Build.0 = Debug|Any CPU
		{505EE707-7C92-47AF-8855-189B43B31CA7}.Release|Any CPU.ActiveCfg = Release|Any CPU
		{505EE707-7C92-47AF-8855-189B43B31CA7}.Release|Any CPU.Build.0 = Release|Any CPU
		{12ECAE8D-CB57-423E-9450-2B532F35F9E3}.Debug|Any CPU.ActiveCfg = Debug|Any CPU
		{12ECAE8D-CB57-423E-9450-2B532F35F9E3}.Debug|Any CPU.Build.0 = Debug|Any CPU
		{12ECAE8D-CB57-423E-9450-2B532F35F9E3}.Release|Any CPU.ActiveCfg = Release|Any CPU
		{12ECAE8D-CB57-423E-9450-2B532F35F9E3}.Release|Any CPU.Build.0 = Release|Any CPU
		{06E01F20-D117-4F57-A790-75042EA57AA1}.Debug|Any CPU.ActiveCfg = Debug|Any CPU
		{06E01F20-D117-4F57-A790-75042EA57AA1}.Debug|Any CPU.Build.0 = Debug|Any CPU
		{06E01F20-D117-4F57-A790-75042EA57AA1}.Release|Any CPU.ActiveCfg = Release|Any CPU
		{06E01F20-D117-4F57-A790-75042EA57AA1}.Release|Any CPU.Build.0 = Release|Any CPU
	EndGlobalSection
	GlobalSection(SolutionProperties) = preSolution
		HideSolutionNode = FALSE
	EndGlobalSection
	GlobalSection(ExtensibilityGlobals) = postSolution
		SolutionGuid = {5E46FDFF-3963-45B0-ABC0-A3ED92F5A9B0}
	EndGlobalSection
EndGlobal
